
Microsoft Visual Studio Solution File, Format Version 12.00
# Visual Studio Version 17
VisualStudioVersion = 17.7.34024.191
MinimumVisualStudioVersion = 10.0.40219.1
Project("{FAE04EC0-301F-11D3-BF4B-00C04F79EFBC}") = "ClassLibrary1", "ClassLibrary1\ClassLibrary1.csproj", "{D386FF40-A84D-454C-AF16-854FCBE33D30}"
EndProject
Project("{FAE04EC0-301F-11D3-BF4B-00C04F79EFBC}") = "ConsoleApp1", "ConsoleApp1\ConsoleApp1.csproj", "{92933E9E-6C68-44A1-AA40-8E41BAED03A1}"
EndProject
Global
	GlobalSection(SolutionConfigurationPlatforms) = preSolution
		Debug|Any CPU = Debug|Any CPU
		Release|Any CPU = Release|Any CPU
	EndGlobalSection
	GlobalSection(ProjectConfigurationPlatforms) = postSolution
		{D386FF40-A84D-454C-AF16-854FCBE33D30}.Debug|Any CPU.ActiveCfg = Debug|Any CPU
		{D386FF40-A84D-454C-AF16-854FCBE33D30}.Debug|Any CPU.Build.0 = Debug|Any CPU
		{D386FF40-A84D-454C-AF16-854FCBE33D30}.Release|Any CPU.ActiveCfg = Release|Any CPU
		{D386FF40-A84D-454C-AF16-854FCBE33D30}.Release|Any CPU.Build.0 = Release|Any CPU
		{92933E9E-6C68-44A1-AA40-8E41BAED03A1}.Debug|Any CPU.ActiveCfg = Debug|Any CPU
		{92933E9E-6C68-44A1-AA40-8E41BAED03A1}.Debug|Any CPU.Build.0 = Debug|Any CPU
		{92933E9E-6C68-44A1-AA40-8E41BAED03A1}.Release|Any CPU.ActiveCfg = Release|Any CPU
		{92933E9E-6C68-44A1-AA40-8E41BAED03A1}.Release|Any CPU.Build.0 = Release|Any CPU
	EndGlobalSection
	GlobalSection(SolutionProperties) = preSolution
		HideSolutionNode = FALSE
	EndGlobalSection
	GlobalSection(ExtensibilityGlobals) = postSolution
		SolutionGuid = {E3E2B43B-A994-42D0-B7E1-9262B5E6F029}
	EndGlobalSection
EndGlobal
